
Microsoft Visual Studio Solution File, Format Version 12.00
# Visual Studio Version 17
VisualStudioVersion = 17.2.32602.215
MinimumVisualStudioVersion = 10.0.40219.1
Project("{FAE04EC0-301F-11D3-BF4B-00C04F79EFBC}") = "SalesWebMvc", "SalesWebMvc\SalesWebMvc.csproj", "{51B6CE3F-029F-490E-A8E1-895C5A7F6255}"
EndProject
Global
	GlobalSection(SolutionConfigurationPlatforms) = preSolution
		Debug|Any CPU = Debug|Any CPU
		Release|Any CPU = Release|Any CPU
	EndGlobalSection
	GlobalSection(ProjectConfigurationPlatforms) = postSolution
		{51B6CE3F-029F-490E-A8E1-895C5A7F6255}.Debug|Any CPU.ActiveCfg = Debug|Any CPU
		{51B6CE3F-029F-490E-A8E1-895C5A7F6255}.Debug|Any CPU.Build.0 = Debug|Any CPU
		{51B6CE3F-029F-490E-A8E1-895C5A7F6255}.Release|Any CPU.ActiveCfg = Release|Any CPU
		{51B6CE3F-029F-490E-A8E1-895C5A7F6255}.Release|Any CPU.Build.0 = Release|Any CPU
	EndGlobalSection
	GlobalSection(SolutionProperties) = preSolution
		HideSolutionNode = FALSE
	EndGlobalSection
	GlobalSection(ExtensibilityGlobals) = postSolution
		SolutionGuid = {D8446A95-F63B-4895-A772-200641FD334D}
	EndGlobalSection
EndGlobal
